
Microsoft Visual Studio Solution File, Format Version 12.00
# Visual Studio 2012
Project("{FAE04EC0-301F-11D3-BF4B-00C04F79EFBC}") = "ReactiveOperators", "ReactiveOperators\ReactiveOperators.csproj", "{18366E5B-F3D7-4590-B8DC-C073BDCF668D}"
EndProject
Project("{FAE04EC0-301F-11D3-BF4B-00C04F79EFBC}") = "ReactiveOperators.Tests", "ReactiveOperators.Tests\ReactiveOperators.Tests.csproj", "{2DFDB326-9647-42A7-AB25-A5628A8ABCDA}"
EndProject
Global
	GlobalSection(SolutionConfigurationPlatforms) = preSolution
		Debug|Any CPU = Debug|Any CPU
		Release|Any CPU = Release|Any CPU
	EndGlobalSection
	GlobalSection(ProjectConfigurationPlatforms) = postSolution
		{18366E5B-F3D7-4590-B8DC-C073BDCF668D}.Debug|Any CPU.ActiveCfg = Debug|Any CPU
		{18366E5B-F3D7-4590-B8DC-C073BDCF668D}.Debug|Any CPU.Build.0 = Debug|Any CPU
		{18366E5B-F3D7-4590-B8DC-C073BDCF668D}.Release|Any CPU.ActiveCfg = Release|Any CPU
		{18366E5B-F3D7-4590-B8DC-C073BDCF668D}.Release|Any CPU.Build.0 = Release|Any CPU
		{2DFDB326-9647-42A7-AB25-A5628A8ABCDA}.Debug|Any CPU.ActiveCfg = Debug|Any CPU
		{2DFDB326-9647-42A7-AB25-A5628A8ABCDA}.Debug|Any CPU.Build.0 = Debug|Any CPU
		{2DFDB326-9647-42A7-AB25-A5628A8ABCDA}.Release|Any CPU.ActiveCfg = Release|Any CPU
		{2DFDB326-9647-42A7-AB25-A5628A8ABCDA}.Release|Any CPU.Build.0 = Release|Any CPU
	EndGlobalSection
	GlobalSection(SolutionProperties) = preSolution
		HideSolutionNode = FALSE
	EndGlobalSection
EndGlobal
